
Microsoft Visual Studio Solution File, Format Version 12.00
# Visual Studio Version 17
VisualStudioVersion = 17.8.34309.116
MinimumVisualStudioVersion = 10.0.40219.1
Project("{9A19103F-16F7-4668-BE54-9A1E7A4F7556}") = "Pindi.Api", "Pindi.Api\Pindi.Api.csproj", "{CF4E52AE-713A-467B-9666-4C90D428981F}"
EndProject
Global
	GlobalSection(SolutionConfigurationPlatforms) = preSolution
		Debug|Any CPU = Debug|Any CPU
		Release|Any CPU = Release|Any CPU
	EndGlobalSection
	GlobalSection(ProjectConfigurationPlatforms) = postSolution
		{CF4E52AE-713A-467B-9666-4C90D428981F}.Debug|Any CPU.ActiveCfg = Debug|Any CPU
		{CF4E52AE-713A-467B-9666-4C90D428981F}.Debug|Any CPU.Build.0 = Debug|Any CPU
		{CF4E52AE-713A-467B-9666-4C90D428981F}.Release|Any CPU.ActiveCfg = Release|Any CPU
		{CF4E52AE-713A-467B-9666-4C90D428981F}.Release|Any CPU.Build.0 = Release|Any CPU
	EndGlobalSection
	GlobalSection(SolutionProperties) = preSolution
		HideSolutionNode = FALSE
	EndGlobalSection
	GlobalSection(ExtensibilityGlobals) = postSolution
		SolutionGuid = {A3978BC6-2C57-4863-ADDA-3A0239901533}
	EndGlobalSection
EndGlobal
